
Microsoft Visual Studio Solution File, Format Version 12.00
# Visual Studio 15
VisualStudioVersion = 15.0.26730.16
MinimumVisualStudioVersion = 10.0.40219.1
Project("{FAE04EC0-301F-11D3-BF4B-00C04F79EFBC}") = "ClassesAndObjects", "ClassesAndObjects\ClassesAndObjects.csproj", "{DF4F0156-77C8-4E7B-925E-BD4C250D2FC2}"
EndProject
Project("{FAE04EC0-301F-11D3-BF4B-00C04F79EFBC}") = "ClosestPoint", "ClosestPoint\ClosestPoint.csproj", "{DA91C1C7-FA1F-45EB-9593-35A8C09A6E6F}"
EndProject
Project("{FAE04EC0-301F-11D3-BF4B-00C04F79EFBC}") = "IsRectangleInside", "IsRectangleInside\IsRectangleInside.csproj", "{EE3502C2-1BF1-4B4C-8E37-40D12EDB84C3}"
EndProject
Project("{FAE04EC0-301F-11D3-BF4B-00C04F79EFBC}") = "Sales", "Sales\Sales.csproj", "{74973689-900F-47ED-B81A-DA2DD9AEE8B2}"
EndProject
Global
	GlobalSection(SolutionConfigurationPlatforms) = preSolution
		Debug|Any CPU = Debug|Any CPU
		Release|Any CPU = Release|Any CPU
	EndGlobalSection
	GlobalSection(ProjectConfigurationPlatforms) = postSolution
		{DF4F0156-77C8-4E7B-925E-BD4C250D2FC2}.Debug|Any CPU.ActiveCfg = Debug|Any CPU
		{DF4F0156-77C8-4E7B-925E-BD4C250D2FC2}.Debug|Any CPU.Build.0 = Debug|Any CPU
		{DF4F0156-77C8-4E7B-925E-BD4C250D2FC2}.Release|Any CPU.ActiveCfg = Release|Any CPU
		{DF4F0156-77C8-4E7B-925E-BD4C250D2FC2}.Release|Any CPU.Build.0 = Release|Any CPU
		{DA91C1C7-FA1F-45EB-9593-35A8C09A6E6F}.Debug|Any CPU.ActiveCfg = Debug|Any CPU
		{DA91C1C7-FA1F-45EB-9593-35A8C09A6E6F}.Debug|Any CPU.Build.0 = Debug|Any CPU
		{DA91C1C7-FA1F-45EB-9593-35A8C09A6E6F}.Release|Any CPU.ActiveCfg = Release|Any CPU
		{DA91C1C7-FA1F-45EB-9593-35A8C09A6E6F}.Release|Any CPU.Build.0 = Release|Any CPU
		{EE3502C2-1BF1-4B4C-8E37-40D12EDB84C3}.Debug|Any CPU.ActiveCfg = Debug|Any CPU
		{EE3502C2-1BF1-4B4C-8E37-40D12EDB84C3}.Debug|Any CPU.Build.0 = Debug|Any CPU
		{EE3502C2-1BF1-4B4C-8E37-40D12EDB84C3}.Release|Any CPU.ActiveCfg = Release|Any CPU
		{EE3502C2-1BF1-4B4C-8E37-40D12EDB84C3}.Release|Any CPU.Build.0 = Release|Any CPU
		{74973689-900F-47ED-B81A-DA2DD9AEE8B2}.Debug|Any CPU.ActiveCfg = Debug|Any CPU
		{74973689-900F-47ED-B81A-DA2DD9AEE8B2}.Debug|Any CPU.Build.0 = Debug|Any CPU
		{74973689-900F-47ED-B81A-DA2DD9AEE8B2}.Release|Any CPU.ActiveCfg = Release|Any CPU
		{74973689-900F-47ED-B81A-DA2DD9AEE8B2}.Release|Any CPU.Build.0 = Release|Any CPU
	EndGlobalSection
	GlobalSection(SolutionProperties) = preSolution
		HideSolutionNode = FALSE
	EndGlobalSection
	GlobalSection(ExtensibilityGlobals) = postSolution
		SolutionGuid = {EF38630F-6FFA-4608-BBEC-C0CBBD559AF6}
	EndGlobalSection
EndGlobal
