
Microsoft Visual Studio Solution File, Format Version 12.00
# Visual Studio 15
VisualStudioVersion = 15.0.27004.2009
MinimumVisualStudioVersion = 10.0.40219.1
Project("{FAE04EC0-301F-11D3-BF4B-00C04F79EFBC}") = "EntityFrameworkTesting", "EntityFrameworkTesting\EntityFrameworkTesting.csproj", "{C99650C8-F278-47C9-8A35-BC28908E042B}"
EndProject
Project("{FAE04EC0-301F-11D3-BF4B-00C04F79EFBC}") = "FindEmployeesInPeriod", "FindEmployeesInPeriod\FindEmployeesInPeriod.csproj", "{B32E2AAF-E36B-49F2-B465-2B6BC3A310D5}"
EndProject
Project("{FAE04EC0-301F-11D3-BF4B-00C04F79EFBC}") = "EmpFullinfo", "EmpFullinfo\EmpFullinfo.csproj", "{A4B511CD-E0D6-4E9C-9BBF-B7DA5C267819}"
EndProject
Project("{FAE04EC0-301F-11D3-BF4B-00C04F79EFBC}") = "PetShopDB", "PetShopDB\PetShopDB.csproj", "{8F755D65-C2F1-4C86-8FFF-C63B9F0A027E}"
EndProject
Project("{FAE04EC0-301F-11D3-BF4B-00C04F79EFBC}") = "PeopleProject", "PeopleProject\PeopleProject.csproj", "{BAE997C4-1D07-46DD-95C1-CD5C20E43045}"
EndProject
Global
	GlobalSection(SolutionConfigurationPlatforms) = preSolution
		Debug|Any CPU = Debug|Any CPU
		Release|Any CPU = Release|Any CPU
	EndGlobalSection
	GlobalSection(ProjectConfigurationPlatforms) = postSolution
		{C99650C8-F278-47C9-8A35-BC28908E042B}.Debug|Any CPU.ActiveCfg = Debug|Any CPU
		{C99650C8-F278-47C9-8A35-BC28908E042B}.Debug|Any CPU.Build.0 = Debug|Any CPU
		{C99650C8-F278-47C9-8A35-BC28908E042B}.Release|Any CPU.ActiveCfg = Release|Any CPU
		{C99650C8-F278-47C9-8A35-BC28908E042B}.Release|Any CPU.Build.0 = Release|Any CPU
		{B32E2AAF-E36B-49F2-B465-2B6BC3A310D5}.Debug|Any CPU.ActiveCfg = Debug|Any CPU
		{B32E2AAF-E36B-49F2-B465-2B6BC3A310D5}.Debug|Any CPU.Build.0 = Debug|Any CPU
		{B32E2AAF-E36B-49F2-B465-2B6BC3A310D5}.Release|Any CPU.ActiveCfg = Release|Any CPU
		{B32E2AAF-E36B-49F2-B465-2B6BC3A310D5}.Release|Any CPU.Build.0 = Release|Any CPU
		{A4B511CD-E0D6-4E9C-9BBF-B7DA5C267819}.Debug|Any CPU.ActiveCfg = Debug|Any CPU
		{A4B511CD-E0D6-4E9C-9BBF-B7DA5C267819}.Debug|Any CPU.Build.0 = Debug|Any CPU
		{A4B511CD-E0D6-4E9C-9BBF-B7DA5C267819}.Release|Any CPU.ActiveCfg = Release|Any CPU
		{A4B511CD-E0D6-4E9C-9BBF-B7DA5C267819}.Release|Any CPU.Build.0 = Release|Any CPU
		{8F755D65-C2F1-4C86-8FFF-C63B9F0A027E}.Debug|Any CPU.ActiveCfg = Debug|Any CPU
		{8F755D65-C2F1-4C86-8FFF-C63B9F0A027E}.Debug|Any CPU.Build.0 = Debug|Any CPU
		{8F755D65-C2F1-4C86-8FFF-C63B9F0A027E}.Release|Any CPU.ActiveCfg = Release|Any CPU
		{8F755D65-C2F1-4C86-8FFF-C63B9F0A027E}.Release|Any CPU.Build.0 = Release|Any CPU
		{BAE997C4-1D07-46DD-95C1-CD5C20E43045}.Debug|Any CPU.ActiveCfg = Debug|Any CPU
		{BAE997C4-1D07-46DD-95C1-CD5C20E43045}.Debug|Any CPU.Build.0 = Debug|Any CPU
		{BAE997C4-1D07-46DD-95C1-CD5C20E43045}.Release|Any CPU.ActiveCfg = Release|Any CPU
		{BAE997C4-1D07-46DD-95C1-CD5C20E43045}.Release|Any CPU.Build.0 = Release|Any CPU
	EndGlobalSection
	GlobalSection(SolutionProperties) = preSolution
		HideSolutionNode = FALSE
	EndGlobalSection
	GlobalSection(ExtensibilityGlobals) = postSolution
		SolutionGuid = {B81D2090-3352-4067-9145-305BA4928F03}
	EndGlobalSection
EndGlobal
