
Microsoft Visual Studio Solution File, Format Version 12.00
# Visual Studio 14
VisualStudioVersion = 14.0.25420.1
MinimumVisualStudioVersion = 10.0.40219.1
Project("{FAE04EC0-301F-11D3-BF4B-00C04F79EFBC}") = "ArrayContainsElement", "ArrayContainsElement\ArrayContainsElement.csproj", "{04878F54-A6A9-4EFA-BED2-83A3AD365ED5}"
EndProject
Project("{FAE04EC0-301F-11D3-BF4B-00C04F79EFBC}") = "SmallestElement", "SmallestElement\SmallestElement.csproj", "{AE486EDB-900B-4B85-8EE0-113323B41704}"
EndProject
Project("{FAE04EC0-301F-11D3-BF4B-00C04F79EFBC}") = "ReverseArrayInPlace", "ReverseArrayInPlace\ReverseArrayInPlace.csproj", "{28970F29-61F7-4979-A06B-424F140C4851}"
EndProject
Project("{FAE04EC0-301F-11D3-BF4B-00C04F79EFBC}") = "BubbleSorting", "BubbleSorting\BubbleSorting.csproj", "{F4711A96-35AD-402A-B872-2AA771EFAD74}"
EndProject
Global
	GlobalSection(SolutionConfigurationPlatforms) = preSolution
		Debug|Any CPU = Debug|Any CPU
		Release|Any CPU = Release|Any CPU
	EndGlobalSection
	GlobalSection(ProjectConfigurationPlatforms) = postSolution
		{04878F54-A6A9-4EFA-BED2-83A3AD365ED5}.Debug|Any CPU.ActiveCfg = Debug|Any CPU
		{04878F54-A6A9-4EFA-BED2-83A3AD365ED5}.Debug|Any CPU.Build.0 = Debug|Any CPU
		{04878F54-A6A9-4EFA-BED2-83A3AD365ED5}.Release|Any CPU.ActiveCfg = Release|Any CPU
		{04878F54-A6A9-4EFA-BED2-83A3AD365ED5}.Release|Any CPU.Build.0 = Release|Any CPU
		{AE486EDB-900B-4B85-8EE0-113323B41704}.Debug|Any CPU.ActiveCfg = Debug|Any CPU
		{AE486EDB-900B-4B85-8EE0-113323B41704}.Debug|Any CPU.Build.0 = Debug|Any CPU
		{AE486EDB-900B-4B85-8EE0-113323B41704}.Release|Any CPU.ActiveCfg = Release|Any CPU
		{AE486EDB-900B-4B85-8EE0-113323B41704}.Release|Any CPU.Build.0 = Release|Any CPU
		{28970F29-61F7-4979-A06B-424F140C4851}.Debug|Any CPU.ActiveCfg = Debug|Any CPU
		{28970F29-61F7-4979-A06B-424F140C4851}.Debug|Any CPU.Build.0 = Debug|Any CPU
		{28970F29-61F7-4979-A06B-424F140C4851}.Release|Any CPU.ActiveCfg = Release|Any CPU
		{28970F29-61F7-4979-A06B-424F140C4851}.Release|Any CPU.Build.0 = Release|Any CPU
		{F4711A96-35AD-402A-B872-2AA771EFAD74}.Debug|Any CPU.ActiveCfg = Debug|Any CPU
		{F4711A96-35AD-402A-B872-2AA771EFAD74}.Debug|Any CPU.Build.0 = Debug|Any CPU
		{F4711A96-35AD-402A-B872-2AA771EFAD74}.Release|Any CPU.ActiveCfg = Release|Any CPU
		{F4711A96-35AD-402A-B872-2AA771EFAD74}.Release|Any CPU.Build.0 = Release|Any CPU
	EndGlobalSection
	GlobalSection(SolutionProperties) = preSolution
		HideSolutionNode = FALSE
	EndGlobalSection
EndGlobal
