
Microsoft Visual Studio Solution File, Format Version 12.00
# Visual Studio 14
VisualStudioVersion = 14.0.25420.1
MinimumVisualStudioVersion = 10.0.40219.1
Project("{FAE04EC0-301F-11D3-BF4B-00C04F79EFBC}") = "RemoveAllRepeatingElements", "RemoveAllRepeatingElements\RemoveAllRepeatingElements.csproj", "{1A560124-833B-451E-ACBF-1ED1D8C66CB7}"
EndProject
Project("{FAE04EC0-301F-11D3-BF4B-00C04F79EFBC}") = "IntegerInsertion", "IntegerInsertion\IntegerInsertion.csproj", "{B45E0BBF-F445-42E4-BA9D-332B1C58F8DA}"
EndProject
Global
	GlobalSection(SolutionConfigurationPlatforms) = preSolution
		Debug|Any CPU = Debug|Any CPU
		Release|Any CPU = Release|Any CPU
	EndGlobalSection
	GlobalSection(ProjectConfigurationPlatforms) = postSolution
		{1A560124-833B-451E-ACBF-1ED1D8C66CB7}.Debug|Any CPU.ActiveCfg = Debug|Any CPU
		{1A560124-833B-451E-ACBF-1ED1D8C66CB7}.Debug|Any CPU.Build.0 = Debug|Any CPU
		{1A560124-833B-451E-ACBF-1ED1D8C66CB7}.Release|Any CPU.ActiveCfg = Release|Any CPU
		{1A560124-833B-451E-ACBF-1ED1D8C66CB7}.Release|Any CPU.Build.0 = Release|Any CPU
		{B45E0BBF-F445-42E4-BA9D-332B1C58F8DA}.Debug|Any CPU.ActiveCfg = Debug|Any CPU
		{B45E0BBF-F445-42E4-BA9D-332B1C58F8DA}.Debug|Any CPU.Build.0 = Debug|Any CPU
		{B45E0BBF-F445-42E4-BA9D-332B1C58F8DA}.Release|Any CPU.ActiveCfg = Release|Any CPU
		{B45E0BBF-F445-42E4-BA9D-332B1C58F8DA}.Release|Any CPU.Build.0 = Release|Any CPU
	EndGlobalSection
	GlobalSection(SolutionProperties) = preSolution
		HideSolutionNode = FALSE
	EndGlobalSection
EndGlobal
